
Microsoft Visual Studio Solution File, Format Version 12.00
# Visual Studio Version 17
VisualStudioVersion = 17.8.34525.116
MinimumVisualStudioVersion = 10.0.40219.1
Project("{9A19103F-16F7-4668-BE54-9A1E7A4F7556}") = "BookingApplication", "BookingApplication\BookingApplication.csproj", "{75F18148-27CE-4B39-B1AA-753B6766B868}"
EndProject
Project("{FAE04EC0-301F-11D3-BF4B-00C04F79EFBC}") = "BA.Domain", "BA.Domain\BA.Domain.csproj", "{143F094D-523D-4358-ACE9-00FCA098B9C4}"
EndProject
Project("{FAE04EC0-301F-11D3-BF4B-00C04F79EFBC}") = "BA.Repository", "BA.Repository\BA.Repository.csproj", "{857B0FA9-0AF5-4ECF-AB56-13E68328B8DF}"
EndProject
Project("{FAE04EC0-301F-11D3-BF4B-00C04F79EFBC}") = "BA.Service", "BA.Service\BA.Service.csproj", "{1C55316D-7A63-42F1-8015-BD24DF4F22A5}"
EndProject
Global
	GlobalSection(SolutionConfigurationPlatforms) = preSolution
		Debug|Any CPU = Debug|Any CPU
		Release|Any CPU = Release|Any CPU
	EndGlobalSection
	GlobalSection(ProjectConfigurationPlatforms) = postSolution
		{75F18148-27CE-4B39-B1AA-753B6766B868}.Debug|Any CPU.ActiveCfg = Debug|Any CPU
		{75F18148-27CE-4B39-B1AA-753B6766B868}.Debug|Any CPU.Build.0 = Debug|Any CPU
		{75F18148-27CE-4B39-B1AA-753B6766B868}.Release|Any CPU.ActiveCfg = Release|Any CPU
		{75F18148-27CE-4B39-B1AA-753B6766B868}.Release|Any CPU.Build.0 = Release|Any CPU
		{143F094D-523D-4358-ACE9-00FCA098B9C4}.Debug|Any CPU.ActiveCfg = Debug|Any CPU
		{143F094D-523D-4358-ACE9-00FCA098B9C4}.Debug|Any CPU.Build.0 = Debug|Any CPU
		{143F094D-523D-4358-ACE9-00FCA098B9C4}.Release|Any CPU.ActiveCfg = Release|Any CPU
		{143F094D-523D-4358-ACE9-00FCA098B9C4}.Release|Any CPU.Build.0 = Release|Any CPU
		{857B0FA9-0AF5-4ECF-AB56-13E68328B8DF}.Debug|Any CPU.ActiveCfg = Debug|Any CPU
		{857B0FA9-0AF5-4ECF-AB56-13E68328B8DF}.Debug|Any CPU.Build.0 = Debug|Any CPU
		{857B0FA9-0AF5-4ECF-AB56-13E68328B8DF}.Release|Any CPU.ActiveCfg = Release|Any CPU
		{857B0FA9-0AF5-4ECF-AB56-13E68328B8DF}.Release|Any CPU.Build.0 = Release|Any CPU
		{1C55316D-7A63-42F1-8015-BD24DF4F22A5}.Debug|Any CPU.ActiveCfg = Debug|Any CPU
		{1C55316D-7A63-42F1-8015-BD24DF4F22A5}.Debug|Any CPU.Build.0 = Debug|Any CPU
		{1C55316D-7A63-42F1-8015-BD24DF4F22A5}.Release|Any CPU.ActiveCfg = Release|Any CPU
		{1C55316D-7A63-42F1-8015-BD24DF4F22A5}.Release|Any CPU.Build.0 = Release|Any CPU
	EndGlobalSection
	GlobalSection(SolutionProperties) = preSolution
		HideSolutionNode = FALSE
	EndGlobalSection
	GlobalSection(ExtensibilityGlobals) = postSolution
		SolutionGuid = {BC845E1F-EC75-4AF3-990C-2B3D8DE04ECC}
	EndGlobalSection
EndGlobal
