
Microsoft Visual Studio Solution File, Format Version 12.00
# Visual Studio Version 17
VisualStudioVersion = 17.9.34622.214
MinimumVisualStudioVersion = 10.0.40219.1
Project("{FAE04EC0-301F-11D3-BF4B-00C04F79EFBC}") = "ConcertAppp", "ConcertAppp\ConcertAppp.csproj", "{BE06C880-5C4B-4E61-A2CE-D83490F70447}"
EndProject
Global
	GlobalSection(SolutionConfigurationPlatforms) = preSolution
		Debug|Any CPU = Debug|Any CPU
		Release|Any CPU = Release|Any CPU
	EndGlobalSection
	GlobalSection(ProjectConfigurationPlatforms) = postSolution
		{BE06C880-5C4B-4E61-A2CE-D83490F70447}.Debug|Any CPU.ActiveCfg = Debug|Any CPU
		{BE06C880-5C4B-4E61-A2CE-D83490F70447}.Debug|Any CPU.Build.0 = Debug|Any CPU
		{BE06C880-5C4B-4E61-A2CE-D83490F70447}.Release|Any CPU.ActiveCfg = Release|Any CPU
		{BE06C880-5C4B-4E61-A2CE-D83490F70447}.Release|Any CPU.Build.0 = Release|Any CPU
	EndGlobalSection
	GlobalSection(SolutionProperties) = preSolution
		HideSolutionNode = FALSE
	EndGlobalSection
	GlobalSection(ExtensibilityGlobals) = postSolution
		SolutionGuid = {85F1C113-84A1-4BB6-97D6-644616E872D3}
	EndGlobalSection
EndGlobal
