
Microsoft Visual Studio Solution File, Format Version 12.00
# Visual Studio Version 17
VisualStudioVersion = 17.9.34616.47
MinimumVisualStudioVersion = 10.0.40219.1
Project("{FAE04EC0-301F-11D3-BF4B-00C04F79EFBC}") = "EShop.Web", "EShop.Web\EShop.Web.csproj", "{9F430419-6F39-4DF6-8DC4-DFC1DD7A0E08}"
EndProject
Project("{FAE04EC0-301F-11D3-BF4B-00C04F79EFBC}") = "EShop.Domain", "EShop.Domain\EShop.Domain.csproj", "{03C1F39D-48A3-41EA-B173-89B53EC0593E}"
EndProject
Project("{FAE04EC0-301F-11D3-BF4B-00C04F79EFBC}") = "EShop.Repository", "EShop.Repository\EShop.Repository.csproj", "{34ED5C71-5A20-4B99-9F19-ECB0BCE2FFC5}"
EndProject
Project("{FAE04EC0-301F-11D3-BF4B-00C04F79EFBC}") = "EShop.Service", "EShop.Service\EShop.Service.csproj", "{72913C86-C107-4398-8248-95613BBF07D2}"
EndProject
Global
	GlobalSection(SolutionConfigurationPlatforms) = preSolution
		Debug|Any CPU = Debug|Any CPU
		Release|Any CPU = Release|Any CPU
	EndGlobalSection
	GlobalSection(ProjectConfigurationPlatforms) = postSolution
		{9F430419-6F39-4DF6-8DC4-DFC1DD7A0E08}.Debug|Any CPU.ActiveCfg = Debug|Any CPU
		{9F430419-6F39-4DF6-8DC4-DFC1DD7A0E08}.Debug|Any CPU.Build.0 = Debug|Any CPU
		{9F430419-6F39-4DF6-8DC4-DFC1DD7A0E08}.Release|Any CPU.ActiveCfg = Release|Any CPU
		{9F430419-6F39-4DF6-8DC4-DFC1DD7A0E08}.Release|Any CPU.Build.0 = Release|Any CPU
		{03C1F39D-48A3-41EA-B173-89B53EC0593E}.Debug|Any CPU.ActiveCfg = Debug|Any CPU
		{03C1F39D-48A3-41EA-B173-89B53EC0593E}.Debug|Any CPU.Build.0 = Debug|Any CPU
		{03C1F39D-48A3-41EA-B173-89B53EC0593E}.Release|Any CPU.ActiveCfg = Release|Any CPU
		{03C1F39D-48A3-41EA-B173-89B53EC0593E}.Release|Any CPU.Build.0 = Release|Any CPU
		{34ED5C71-5A20-4B99-9F19-ECB0BCE2FFC5}.Debug|Any CPU.ActiveCfg = Debug|Any CPU
		{34ED5C71-5A20-4B99-9F19-ECB0BCE2FFC5}.Debug|Any CPU.Build.0 = Debug|Any CPU
		{34ED5C71-5A20-4B99-9F19-ECB0BCE2FFC5}.Release|Any CPU.ActiveCfg = Release|Any CPU
		{34ED5C71-5A20-4B99-9F19-ECB0BCE2FFC5}.Release|Any CPU.Build.0 = Release|Any CPU
		{72913C86-C107-4398-8248-95613BBF07D2}.Debug|Any CPU.ActiveCfg = Debug|Any CPU
		{72913C86-C107-4398-8248-95613BBF07D2}.Debug|Any CPU.Build.0 = Debug|Any CPU
		{72913C86-C107-4398-8248-95613BBF07D2}.Release|Any CPU.ActiveCfg = Release|Any CPU
		{72913C86-C107-4398-8248-95613BBF07D2}.Release|Any CPU.Build.0 = Release|Any CPU
	EndGlobalSection
	GlobalSection(SolutionProperties) = preSolution
		HideSolutionNode = FALSE
	EndGlobalSection
	GlobalSection(ExtensibilityGlobals) = postSolution
		SolutionGuid = {068CAD02-03B4-40AA-A085-D4C7006A55A7}
	EndGlobalSection
EndGlobal
