
Microsoft Visual Studio Solution File, Format Version 12.00
# Visual Studio Version 17
VisualStudioVersion = 17.9.34622.214
MinimumVisualStudioVersion = 10.0.40219.1
Project("{FAE04EC0-301F-11D3-BF4B-00C04F79EFBC}") = "AdminApplication", "AdminApplication\AdminApplication.csproj", "{D1EFA3E9-7273-4B59-841B-253DBBEBA098}"
EndProject
Global
	GlobalSection(SolutionConfigurationPlatforms) = preSolution
		Debug|Any CPU = Debug|Any CPU
		Release|Any CPU = Release|Any CPU
	EndGlobalSection
	GlobalSection(ProjectConfigurationPlatforms) = postSolution
		{D1EFA3E9-7273-4B59-841B-253DBBEBA098}.Debug|Any CPU.ActiveCfg = Debug|Any CPU
		{D1EFA3E9-7273-4B59-841B-253DBBEBA098}.Debug|Any CPU.Build.0 = Debug|Any CPU
		{D1EFA3E9-7273-4B59-841B-253DBBEBA098}.Release|Any CPU.ActiveCfg = Release|Any CPU
		{D1EFA3E9-7273-4B59-841B-253DBBEBA098}.Release|Any CPU.Build.0 = Release|Any CPU
	EndGlobalSection
	GlobalSection(SolutionProperties) = preSolution
		HideSolutionNode = FALSE
	EndGlobalSection
	GlobalSection(ExtensibilityGlobals) = postSolution
		SolutionGuid = {3189229C-A5E3-472B-991F-F3ABDD7215A4}
	EndGlobalSection
EndGlobal
