
Microsoft Visual Studio Solution File, Format Version 12.00
# Visual Studio Version 17
VisualStudioVersion = 17.9.34622.214
MinimumVisualStudioVersion = 10.0.40219.1
Project("{FAE04EC0-301F-11D3-BF4B-00C04F79EFBC}") = "ConcertShop", "ConcertShop\ConcertShop.csproj", "{35BAC67C-F3D3-462C-84E6-36B79E6756BB}"
EndProject
Global
	GlobalSection(SolutionConfigurationPlatforms) = preSolution
		Debug|Any CPU = Debug|Any CPU
		Release|Any CPU = Release|Any CPU
	EndGlobalSection
	GlobalSection(ProjectConfigurationPlatforms) = postSolution
		{35BAC67C-F3D3-462C-84E6-36B79E6756BB}.Debug|Any CPU.ActiveCfg = Debug|Any CPU
		{35BAC67C-F3D3-462C-84E6-36B79E6756BB}.Debug|Any CPU.Build.0 = Debug|Any CPU
		{35BAC67C-F3D3-462C-84E6-36B79E6756BB}.Release|Any CPU.ActiveCfg = Release|Any CPU
		{35BAC67C-F3D3-462C-84E6-36B79E6756BB}.Release|Any CPU.Build.0 = Release|Any CPU
	EndGlobalSection
	GlobalSection(SolutionProperties) = preSolution
		HideSolutionNode = FALSE
	EndGlobalSection
	GlobalSection(ExtensibilityGlobals) = postSolution
		SolutionGuid = {F28B2C71-B0AD-4801-9413-350A3B330C57}
	EndGlobalSection
EndGlobal
